{
  "name": "markdown-references",
  "version": "0.1.0",
  "lockfileVersion": 3,
  "requires": true,
  "packages": {
    "": {
      "name": "markdown-references",
      "version": "0.1.0",
      "dependencies": {
        "@arothuis/markdown-it-biblatex": "^1.0.0",
        "markdown-it-figure-references": "^2.1.0-alpha.3",
        "markdown-it-references": "^2.1.0-alpha.3",
        "markdown-it-table-references": "^2.1.0-alpha.3"
      },
      "devDependencies": {
        "@types/node": "^7.0.43",
        "@types/vscode": "^1.73.0",
        "typescript": "^4.8.2"
      },
      "engines": {
        "vscode": "^1.74.0"
      }
    },
    "node_modules/@arothuis/markdown-it-biblatex": {
      "version": "1.0.1",
      "resolved": "https://registry.npmjs.org/@arothuis/markdown-it-biblatex/-/markdown-it-biblatex-1.0.1.tgz",
      "integrity": "sha512-4bgDGk+BpxpQNvBPckbYY6lGnC8ZQHuV6E7Rgaa4zFBvnLKRQByp2DHXgpwJvhxycfcXVQfAXpVxZIMPiPMRVQ==",
      "dependencies": {
        "biblatex-csl-converter": "^2.0.4",
        "citeproc": "^2.4.62"
      }
    },
    "node_modules/@babel/runtime-corejs3": {
      "version": "7.21.0",
      "resolved": "https://registry.npmjs.org/@babel/runtime-corejs3/-/runtime-corejs3-7.21.0.tgz",
      "integrity": "sha512-TDD4UJzos3JJtM+tHX+w2Uc+KWj7GV+VKKFdMVd2Rx8sdA19hcc3P3AHFYd5LVOw+pYuSd5lICC3gm52B6Rwxw==",
      "dependencies": {
        "core-js-pure": "^3.25.1",
        "regenerator-runtime": "^0.13.11"
      },
      "engines": {
        "node": ">=6.9.0"
      }
    },
    "node_modules/@types/node": {
      "version": "7.10.14",
      "resolved": "https://registry.npmjs.org/@types/node/-/node-7.10.14.tgz",
      "integrity": "sha512-29GS75BE8asnTno3yB6ubOJOO0FboExEqNJy4bpz0GSmW/8wPTNL4h9h63c6s1uTrOopCmJYe/4yJLh5r92ZUA==",
      "dev": true
    },
    "node_modules/@types/vscode": {
      "version": "1.76.0",
      "resolved": "https://registry.npmjs.org/@types/vscode/-/vscode-1.76.0.tgz",
      "integrity": "sha512-CQcY3+Fe5hNewHnOEAVYj4dd1do/QHliXaknAEYSXx2KEHUzFibDZSKptCon+HPgK55xx20pR+PBJjf0MomnBA==",
      "dev": true
    },
    "node_modules/argparse": {
      "version": "2.0.1",
      "resolved": "https://registry.npmjs.org/argparse/-/argparse-2.0.1.tgz",
      "integrity": "sha512-8+9WqebbFzpX9OR+Wa6O29asIogeRMzcGtAINdpMHHyAg10f05aSFVBbcEqGf/PXw1EjAZ+q2/bEBg3DvurK3Q==",
      "peer": true
    },
    "node_modules/biblatex-csl-converter": {
      "version": "2.1.0",
      "resolved": "https://registry.npmjs.org/biblatex-csl-converter/-/biblatex-csl-converter-2.1.0.tgz",
      "integrity": "sha512-UQVGtNJ7Cw+uoXTq9SjzO+pJANBk/0y6lpg23zX+iC0XNebiCOE+42Z0KW9FU6IzzhlJXJYx6yhhH9nzbxYprw==",
      "dependencies": {
        "xregexp": "^5.1.0"
      },
      "engines": {
        "node": ">=16"
      }
    },
    "node_modules/citeproc": {
      "version": "2.4.62",
      "resolved": "https://registry.npmjs.org/citeproc/-/citeproc-2.4.62.tgz",
      "integrity": "sha512-l3uFfSEwNZp/jlz/TpgyBs85kOww6VlQHbAth0cpbgOn6iulZd+QlFY43LrRelzcYt3FZHTZ3soDyd8lNmkqdw=="
    },
    "node_modules/core-js-pure": {
      "version": "3.29.0",
      "resolved": "https://registry.npmjs.org/core-js-pure/-/core-js-pure-3.29.0.tgz",
      "integrity": "sha512-v94gUjN5UTe1n0yN/opTihJ8QBWD2O8i19RfTZR7foONPWArnjB96QA/wk5ozu1mm6ja3udQCzOzwQXTxi3xOQ==",
      "hasInstallScript": true,
      "funding": {
        "type": "opencollective",
        "url": "https://opencollective.com/core-js"
      }
    },
    "node_modules/entities": {
      "version": "3.0.1",
      "resolved": "https://registry.npmjs.org/entities/-/entities-3.0.1.tgz",
      "integrity": "sha512-WiyBqoomrwMdFG1e0kqvASYfnlb0lp8M5o5Fw2OFq1hNZxxcNk8Ik0Xm7LxzBhuidnZB/UtBqVCgUz3kBOP51Q==",
      "peer": true,
      "engines": {
        "node": ">=0.12"
      },
      "funding": {
        "url": "https://github.com/fb55/entities?sponsor=1"
      }
    },
    "node_modules/linkify-it": {
      "version": "4.0.1",
      "resolved": "https://registry.npmjs.org/linkify-it/-/linkify-it-4.0.1.tgz",
      "integrity": "sha512-C7bfi1UZmoj8+PQx22XyeXCuBlokoyWQL5pWSP+EI6nzRylyThouddufc2c1NDIcP9k5agmN9fLpA7VNJfIiqw==",
      "peer": true,
      "dependencies": {
        "uc.micro": "^1.0.1"
      }
    },
    "node_modules/markdown-it": {
      "version": "13.0.1",
      "resolved": "https://registry.npmjs.org/markdown-it/-/markdown-it-13.0.1.tgz",
      "integrity": "sha512-lTlxriVoy2criHP0JKRhO2VDG9c2ypWCsT237eDiLqi09rmbKoUetyGHq2uOIRoRS//kfoJckS0eUzzkDR+k2Q==",
      "peer": true,
      "dependencies": {
        "argparse": "^2.0.1",
        "entities": "~3.0.1",
        "linkify-it": "^4.0.1",
        "mdurl": "^1.0.1",
        "uc.micro": "^1.0.5"
      },
      "bin": {
        "markdown-it": "bin/markdown-it.js"
      }
    },
    "node_modules/markdown-it-figure-references": {
      "version": "2.1.0-alpha.3",
      "resolved": "https://registry.npmjs.org/markdown-it-figure-references/-/markdown-it-figure-references-2.1.0-alpha.3.tgz",
      "integrity": "sha512-SpH7WW5QsZ8KFGjWS4jajVOh5EvCNtQTBr6MAwT8cMiR50ghW3WnclxzbkGCLIJKZySPR0VHypvQ3dmZAWzVLw==",
      "dependencies": {
        "markdown-it": "^11.0.0"
      }
    },
    "node_modules/markdown-it-figure-references/node_modules/argparse": {
      "version": "1.0.10",
      "resolved": "https://registry.npmjs.org/argparse/-/argparse-1.0.10.tgz",
      "integrity": "sha512-o5Roy6tNG4SL/FOkCAN6RzjiakZS25RLYFrcMttJqbdd8BWrnA+fGz57iN5Pb06pvBGvl5gQ0B48dJlslXvoTg==",
      "dependencies": {
        "sprintf-js": "~1.0.2"
      }
    },
    "node_modules/markdown-it-figure-references/node_modules/entities": {
      "version": "2.0.3",
      "resolved": "https://registry.npmjs.org/entities/-/entities-2.0.3.tgz",
      "integrity": "sha512-MyoZ0jgnLvB2X3Lg5HqpFmn1kybDiIfEQmKzTb5apr51Rb+T3KdmMiqa70T+bhGnyv7bQ6WMj2QMHpGMmlrUYQ=="
    },
    "node_modules/markdown-it-figure-references/node_modules/linkify-it": {
      "version": "3.0.3",
      "resolved": "https://registry.npmjs.org/linkify-it/-/linkify-it-3.0.3.tgz",
      "integrity": "sha512-ynTsyrFSdE5oZ/O9GEf00kPngmOfVwazR5GKDq6EYfhlpFug3J2zybX56a2PRRpc9P+FuSoGNAwjlbDs9jJBPQ==",
      "dependencies": {
        "uc.micro": "^1.0.1"
      }
    },
    "node_modules/markdown-it-figure-references/node_modules/markdown-it": {
      "version": "11.0.1",
      "resolved": "https://registry.npmjs.org/markdown-it/-/markdown-it-11.0.1.tgz",
      "integrity": "sha512-aU1TzmBKcWNNYvH9pjq6u92BML+Hz3h5S/QpfTFwiQF852pLT+9qHsrhM9JYipkOXZxGn+sGH8oyJE9FD9WezQ==",
      "dependencies": {
        "argparse": "^1.0.7",
        "entities": "~2.0.0",
        "linkify-it": "^3.0.1",
        "mdurl": "^1.0.1",
        "uc.micro": "^1.0.5"
      },
      "bin": {
        "markdown-it": "bin/markdown-it.js"
      }
    },
    "node_modules/markdown-it-references": {
      "version": "2.1.0-alpha.3",
      "resolved": "https://registry.npmjs.org/markdown-it-references/-/markdown-it-references-2.1.0-alpha.3.tgz",
      "integrity": "sha512-sRLmz3jBBmHCW6zzj/wl1M2EuGkVFCq2DfTuYxFGw7sVst1ly3G+dXQLImj0ZPdDGME94N7gxpCV4HY6ROEXiA==",
      "peerDependencies": {
        "markdown-it": "*"
      }
    },
    "node_modules/markdown-it-table-references": {
      "version": "2.1.0-alpha.3",
      "resolved": "https://registry.npmjs.org/markdown-it-table-references/-/markdown-it-table-references-2.1.0-alpha.3.tgz",
      "integrity": "sha512-ycj+PQ0IsZAd23IOl0ReksR5pvH4jZ8O04VmnE6RogvSYc0Zyx+DmtfP9MHWCLS9nXPBsYp1oV3iLzKWik+s4A==",
      "dependencies": {
        "markdown-it": "^11.0.0"
      }
    },
    "node_modules/markdown-it-table-references/node_modules/argparse": {
      "version": "1.0.10",
      "resolved": "https://registry.npmjs.org/argparse/-/argparse-1.0.10.tgz",
      "integrity": "sha512-o5Roy6tNG4SL/FOkCAN6RzjiakZS25RLYFrcMttJqbdd8BWrnA+fGz57iN5Pb06pvBGvl5gQ0B48dJlslXvoTg==",
      "dependencies": {
        "sprintf-js": "~1.0.2"
      }
    },
    "node_modules/markdown-it-table-references/node_modules/entities": {
      "version": "2.0.3",
      "resolved": "https://registry.npmjs.org/entities/-/entities-2.0.3.tgz",
      "integrity": "sha512-MyoZ0jgnLvB2X3Lg5HqpFmn1kybDiIfEQmKzTb5apr51Rb+T3KdmMiqa70T+bhGnyv7bQ6WMj2QMHpGMmlrUYQ=="
    },
    "node_modules/markdown-it-table-references/node_modules/linkify-it": {
      "version": "3.0.3",
      "resolved": "https://registry.npmjs.org/linkify-it/-/linkify-it-3.0.3.tgz",
      "integrity": "sha512-ynTsyrFSdE5oZ/O9GEf00kPngmOfVwazR5GKDq6EYfhlpFug3J2zybX56a2PRRpc9P+FuSoGNAwjlbDs9jJBPQ==",
      "dependencies": {
        "uc.micro": "^1.0.1"
      }
    },
    "node_modules/markdown-it-table-references/node_modules/markdown-it": {
      "version": "11.0.1",
      "resolved": "https://registry.npmjs.org/markdown-it/-/markdown-it-11.0.1.tgz",
      "integrity": "sha512-aU1TzmBKcWNNYvH9pjq6u92BML+Hz3h5S/QpfTFwiQF852pLT+9qHsrhM9JYipkOXZxGn+sGH8oyJE9FD9WezQ==",
      "dependencies": {
        "argparse": "^1.0.7",
        "entities": "~2.0.0",
        "linkify-it": "^3.0.1",
        "mdurl": "^1.0.1",
        "uc.micro": "^1.0.5"
      },
      "bin": {
        "markdown-it": "bin/markdown-it.js"
      }
    },
    "node_modules/mdurl": {
      "version": "1.0.1",
      "resolved": "https://registry.npmjs.org/mdurl/-/mdurl-1.0.1.tgz",
      "integrity": "sha512-/sKlQJCBYVY9Ers9hqzKou4H6V5UWc/M59TH2dvkt+84itfnq7uFOMLpOiOS4ujvHP4etln18fmIxA5R5fll0g=="
    },
    "node_modules/regenerator-runtime": {
      "version": "0.13.11",
      "resolved": "https://registry.npmjs.org/regenerator-runtime/-/regenerator-runtime-0.13.11.tgz",
      "integrity": "sha512-kY1AZVr2Ra+t+piVaJ4gxaFaReZVH40AKNo7UCX6W+dEwBo/2oZJzqfuN1qLq1oL45o56cPaTXELwrTh8Fpggg=="
    },
    "node_modules/sprintf-js": {
      "version": "1.0.3",
      "resolved": "https://registry.npmjs.org/sprintf-js/-/sprintf-js-1.0.3.tgz",
      "integrity": "sha512-D9cPgkvLlV3t3IzL0D0YLvGA9Ahk4PcvVwUbN0dSGr1aP0Nrt4AEnTUbuGvquEC0mA64Gqt1fzirlRs5ibXx8g=="
    },
    "node_modules/typescript": {
      "version": "4.9.5",
      "resolved": "https://registry.npmjs.org/typescript/-/typescript-4.9.5.tgz",
      "integrity": "sha512-1FXk9E2Hm+QzZQ7z+McJiHL4NW1F2EzMu9Nq9i3zAaGqibafqYwCVU6WyWAuyQRRzOlxou8xZSyXLEN8oKj24g==",
      "dev": true,
      "bin": {
        "tsc": "bin/tsc",
        "tsserver": "bin/tsserver"
      },
      "engines": {
        "node": ">=4.2.0"
      }
    },
    "node_modules/uc.micro": {
      "version": "1.0.6",
      "resolved": "https://registry.npmjs.org/uc.micro/-/uc.micro-1.0.6.tgz",
      "integrity": "sha512-8Y75pvTYkLJW2hWQHXxoqRgV7qb9B+9vFEtidML+7koHUFapnVJAZ6cKs+Qjz5Aw3aZWHMC6u0wJE3At+nSGwA=="
    },
    "node_modules/xregexp": {
      "version": "5.1.1",
      "resolved": "https://registry.npmjs.org/xregexp/-/xregexp-5.1.1.tgz",
      "integrity": "sha512-fKXeVorD+CzWvFs7VBuKTYIW63YD1e1osxwQ8caZ6o1jg6pDAbABDG54LCIq0j5cy7PjRvGIq6sef9DYPXpncg==",
      "dependencies": {
        "@babel/runtime-corejs3": "^7.16.5"
      }
    }
  }
}
